
Microsoft Visual Studio Solution File, Format Version 12.00
# Visual Studio 15
VisualStudioVersion = 15.0.34526.175
MinimumVisualStudioVersion = 10.0.40219.1
Project("{FAE04EC0-301F-11D3-BF4B-00C04F79EFBC}") = "Output_Sprilare_Matrix-Cerioni", "Output_Sprilare_Matrix-Cerioni\Output_Sprilare_Matrix-Cerioni.csproj", "{199EEAE7-E59A-44E7-9439-14710786B691}"
EndProject
Global
	GlobalSection(SolutionConfigurationPlatforms) = preSolution
		Debug|Any CPU = Debug|Any CPU
		Release|Any CPU = Release|Any CPU
	EndGlobalSection
	GlobalSection(ProjectConfigurationPlatforms) = postSolution
		{199EEAE7-E59A-44E7-9439-14710786B691}.Debug|Any CPU.ActiveCfg = Debug|Any CPU
		{199EEAE7-E59A-44E7-9439-14710786B691}.Debug|Any CPU.Build.0 = Debug|Any CPU
		{199EEAE7-E59A-44E7-9439-14710786B691}.Release|Any CPU.ActiveCfg = Release|Any CPU
		{199EEAE7-E59A-44E7-9439-14710786B691}.Release|Any CPU.Build.0 = Release|Any CPU
	EndGlobalSection
	GlobalSection(SolutionProperties) = preSolution
		HideSolutionNode = FALSE
	EndGlobalSection
	GlobalSection(ExtensibilityGlobals) = postSolution
		SolutionGuid = {A537A023-2CDC-4BFC-9AE0-30ABA2AA61FD}
	EndGlobalSection
EndGlobal
